# This file was autogenerated by Stack.
# You should not edit this file by hand.
# For more information, please see the documentation at:
#   https://docs.haskellstack.org/en/stable/lock_files

packages:
- completed:
    hackage: atto-lisp-0.2.2.2@sha256:8497213f363d9771f418858ed7855a9ff7a2e004e8f4584b863993b0c3ff5c65,1512
    pantry-tree:
      size: 325
      sha256: bb79825bd79f66029e1eb6f0c3deadc285e29b86a039ad2b3575fd797ddc72b0
  original:
    hackage: atto-lisp-0.2.2.2
snapshots:
- completed:
    size: 423618
    url: https://raw.githubusercontent.com/commercialhaskell/stackage-snapshots/master/lts/6/6.yaml
    sha256: 1b64bc28e5e7618dd0b88b3e8386581a0c07ce8ea71ae87225d4e58aefd5a900
  original: lts-6.6
